// !$*UTF8*$!
{
	archiveVersion = 1;
	classes = {
	};
	objectVersion = 50;
	objects = {

/* Begin PBXBuildFile section */
		79DF392A272275F4002ACABF /* AppDelegate.swift in Sources */ = {isa = PBXBuildFile; fileRef = 79DF3929272275F4002ACABF /* AppDelegate.swift */; };
		79DF392C272275F4002ACABF /* SceneDelegate.swift in Sources */ = {isa = PBXBuildFile; fileRef = 79DF392B272275F4002ACABF /* SceneDelegate.swift */; };
		79DF392E272275F4002ACABF /* ViewController.swift in Sources */ = {isa = PBXBuildFile; fileRef = 79DF392D272275F4002ACABF /* ViewController.swift */; };
		79DF3931272275F4002ACABF /* Main.storyboard in Resources */ = {isa = PBXBuildFile; fileRef = 79DF392F272275F4002ACABF /* Main.storyboard */; };
		79DF3933272275FC002ACABF /* Assets.xcassets in Resources */ = {isa = PBXBuildFile; fileRef = 79DF3932272275FC002ACABF /* Assets.xcassets */; };
		79DF3936272275FC002ACABF /* LaunchScreen.storyboard in Resources */ = {isa = PBXBuildFile; fileRef = 79DF3934272275FC002ACABF /* LaunchScreen.storyboard */; };
		79DF393F272276CD002ACABF /* SpinningCircleView.swift in Sources */ = {isa = PBXBuildFile; fileRef = 79DF393E272276CD002ACABF /* SpinningCircleView.swift */; };
		79DF39422722AAB4002ACABF /* RotatingCirclesView.swift in Sources */ = {isa = PBXBuildFile; fileRef = 79DF39412722AAB4002ACABF /* RotatingCirclesView.swift */; };
		79DF39452722B2DF002ACABF /* FadingCirclesView.swift in Sources */ = {isa = PBXBuildFile; fileRef = 79DF39442722B2DF002ACABF /* FadingCirclesView.swift */; };
/* End PBXBuildFile section */

/* Begin PBXFileReference section */
		79DF3926272275F4002ACABF /* CustomActivityIndicator.app */ = {isa = PBXFileReference; explicitFileType = wrapper.application; includeInIndex = 0; path = CustomActivityIndicator.app; sourceTree = BUILT_PRODUCTS_DIR; };
		79DF3929272275F4002ACABF /* AppDelegate.swift */ = {isa = PBXFileReference; lastKnownFileType = sourcecode.swift; path = AppDelegate.swift; sourceTree = "<group>"; };
		79DF392B272275F4002ACABF /* SceneDelegate.swift */ = {isa = PBXFileReference; lastKnownFileType = sourcecode.swift; path = SceneDelegate.swift; sourceTree = "<group>"; };
		79DF392D272275F4002ACABF /* ViewController.swift */ = {isa = PBXFileReference; lastKnownFileType = sourcecode.swift; path = ViewController.swift; sourceTree = "<group>"; };
		79DF3930272275F4002ACABF /* Base */ = {isa = PBXFileReference; lastKnownFileType = file.storyboard; name = Base; path = Base.lproj/Main.storyboard; sourceTree = "<group>"; };
		79DF3932272275FC002ACABF /* Assets.xcassets */ = {isa = PBXFileReference; lastKnownFileType = folder.assetcatalog; path = Assets.xcassets; sourceTree = "<group>"; };
		79DF3935272275FC002ACABF /* Base */ = {isa = PBXFileReference; lastKnownFileType = file.storyboard; name = Base; path = Base.lproj/LaunchScreen.storyboard; sourceTree = "<group>"; };
		79DF3937272275FC002ACABF /* Info.plist */ = {isa = PBXFileReference; lastKnownFileType = text.plist.xml; path = Info.plist; sourceTree = "<group>"; };
		79DF393E272276CD002ACABF /* SpinningCircleView.swift */ = {isa = PBXFileReference; lastKnownFileType = sourcecode.swift; path = SpinningCircleView.swift; sourceTree = "<group>"; };
		79DF39412722AAB4002ACABF /* RotatingCirclesView.swift */ = {isa = PBXFileReference; lastKnownFileType = sourcecode.swift; path = RotatingCirclesView.swift; sourceTree = "<group>"; };
		79DF39442722B2DF002ACABF /* FadingCirclesView.swift */ = {isa = PBXFileReference; lastKnownFileType = sourcecode.swift; path = FadingCirclesView.swift; sourceTree = "<group>"; };
/* End PBXFileReference section */

/* Begin PBXFrameworksBuildPhase section */
		79DF3923272275F4002ACABF /* Frameworks */ = {
			isa = PBXFrameworksBuildPhase;
			buildActionMask = 2147483647;
			files = (
			);
			runOnlyForDeploymentPostprocessing = 0;
		};
/* End PBXFrameworksBuildPhase section */

/* Begin PBXGroup section */
		79DF391D272275F4002ACABF = {
			isa = PBXGroup;
			children = (
				79DF3928272275F4002ACABF /* CustomActivityIndicator */,
				79DF3927272275F4002ACABF /* Products */,
			);
			sourceTree = "<group>";
		};
		79DF3927272275F4002ACABF /* Products */ = {
			isa = PBXGroup;
			children = (
				79DF3926272275F4002ACABF /* CustomActivityIndicator.app */,
			);
			name = Products;
			sourceTree = "<group>";
		};
		79DF3928272275F4002ACABF /* CustomActivityIndicator */ = {
			isa = PBXGroup;
			children = (
				79DF3929272275F4002ACABF /* AppDelegate.swift */,
				79DF392B272275F4002ACABF /* SceneDelegate.swift */,
				79DF392D272275F4002ACABF /* ViewController.swift */,
				79DF392F272275F4002ACABF /* Main.storyboard */,
				79DF3932272275FC002ACABF /* Assets.xcassets */,
				79DF3934272275FC002ACABF /* LaunchScreen.storyboard */,
				79DF3937272275FC002ACABF /* Info.plist */,
				79DF393E272276CD002ACABF /* SpinningCircleView.swift */,
				79DF39412722AAB4002ACABF /* RotatingCirclesView.swift */,
				79DF39442722B2DF002ACABF /* FadingCirclesView.swift */,
			);
			path = CustomActivityIndicator;
			sourceTree = "<group>";
		};
/* End PBXGroup section */

/* Begin PBXNativeTarget section */
		79DF3925272275F4002ACABF /* CustomActivityIndicator */ = {
			isa = PBXNativeTarget;
			buildConfigurationList = 79DF393A272275FC002ACABF /* Build configuration list for PBXNativeTarget "CustomActivityIndicator" */;
			buildPhases = (
				79DF3922272275F4002ACABF /* Sources */,
				79DF3923272275F4002ACABF /* Frameworks */,
				79DF3924272275F4002ACABF /* Resources */,
			);
			buildRules = (
			);
			dependencies = (
			);
			name = CustomActivityIndicator;
			productName = CustomActivityIndicator;
			productReference = 79DF3926272275F4002ACABF /* CustomActivityIndicator.app */;
			productType = "com.apple.product-type.application";
		};
/* End PBXNativeTarget section */

/* Begin PBXProject section */
		79DF391E272275F4002ACABF /* Project object */ = {
			isa = PBXProject;
			attributes = {
				LastSwiftUpdateCheck = 1200;
				LastUpgradeCheck = 1200;
				TargetAttributes = {
					79DF3925272275F4002ACABF = {
						CreatedOnToolsVersion = 12.0;
					};
				};
			};
			buildConfigurationList = 79DF3921272275F4002ACABF /* Build configuration list for PBXProject "CustomActivityIndicator" */;
			compatibilityVersion = "Xcode 9.3";
			developmentRegion = en;
			hasScannedForEncodings = 0;
			knownRegions = (
				en,
				Base,
			);
			mainGroup = 79DF391D272275F4002ACABF;
			productRefGroup = 79DF3927272275F4002ACABF /* Products */;
			projectDirPath = "";
			projectRoot = "";
			targets = (
				79DF3925272275F4002ACABF /* CustomActivityIndicator */,
			);
		};
/* End PBXProject section */

/* Begin PBXResourcesBuildPhase section */
		79DF3924272275F4002ACABF /* Resources */ = {
			isa = PBXResourcesBuildPhase;
			buildActionMask = 2147483647;
			files = (
				79DF3936272275FC002ACABF /* LaunchScreen.storyboard in Resources */,
				79DF3933272275FC002ACABF /* Assets.xcassets in Resources */,
				79DF3931272275F4002ACABF /* Main.storyboard in Resources */,
			);
			runOnlyForDeploymentPostprocessing = 0;
		};
/* End PBXResourcesBuildPhase section */

/* Begin PBXSourcesBuildPhase section */
		79DF3922272275F4002ACABF /* Sources */ = {
			isa = PBXSourcesBuildPhase;
			buildActionMask = 2147483647;
			files = (
				79DF39422722AAB4002ACABF /* RotatingCirclesView.swift in Sources */,
				79DF392E272275F4002ACABF /* ViewController.swift in Sources */,
				79DF392A272275F4002ACABF /* AppDelegate.swift in Sources */,
				79DF393F272276CD002ACABF /* SpinningCircleView.swift in Sources */,
				79DF39452722B2DF002ACABF /* FadingCirclesView.swift in Sources */,
				79DF392C272275F4002ACABF /* SceneDelegate.swift in Sources */,
			);
			runOnlyForDeploymentPostprocessing = 0;
		};
/* End PBXSourcesBuildPhase section */

/* Begin PBXVariantGroup section */
		79DF392F272275F4002ACABF /* Main.storyboard */ = {
			isa = PBXVariantGroup;
			children = (
				79DF3930272275F4002ACABF /* Base */,
			);
			name = Main.storyboard;
			sourceTree = "<group>";
		};
		79DF3934272275FC002ACABF /* LaunchScreen.storyboard */ = {
			isa = PBXVariantGroup;
			children = (
				79DF3935272275FC002ACABF /* Base */,
			);
			name = LaunchScreen.storyboard;
			sourceTree = "<group>";
		};
/* End PBXVariantGroup section */

/* Begin XCBuildConfiguration section */
		79DF3938272275FC002ACABF /* Debug */ = {
			isa = XCBuildConfiguration;
			buildSettings = {
				ALWAYS_SEARCH_USER_PATHS = NO;
				CLANG_ANALYZER_NONNULL = YES;
				CLANG_ANALYZER_NUMBER_OBJECT_CONVERSION = YES_AGGRESSIVE;
				CLANG_CXX_LANGUAGE_STANDARD = "gnu++14";
				CLANG_CXX_LIBRARY = "libc++";
				CLANG_ENABLE_MODULES = YES;
				CLANG_ENABLE_OBJC_ARC = YES;
				CLANG_ENABLE_OBJC_WEAK = YES;
				CLANG_WARN_BLOCK_CAPTURE_AUTORELEASING = YES;
				CLANG_WARN_BOOL_CONVERSION = YES;
				CLANG_WARN_COMMA = YES;
				CLANG_WARN_CONSTANT_CONVERSION = YES;
				CLANG_WARN_DEPRECATED_OBJC_IMPLEMENTATIONS = YES;
				CLANG_WARN_DIRECT_OBJC_ISA_USAGE = YES_ERROR;
				CLANG_WARN_DOCUMENTATION_COMMENTS = YES;
				CLANG_WARN_EMPTY_BODY = YES;
				CLANG_WARN_ENUM_CONVERSION = YES;
				CLANG_WARN_INFINITE_RECURSION = YES;
				CLANG_WARN_INT_CONVERSION = YES;
				CLANG_WARN_NON_LITERAL_NULL_CONVERSION = YES;
				CLANG_WARN_OBJC_IMPLICIT_RETAIN_SELF = YES;
				CLANG_WARN_OBJC_LITERAL_CONVERSION = YES;
				CLANG_WARN_OBJC_ROOT_CLASS = YES_ERROR;
				CLANG_WARN_QUOTED_INCLUDE_IN_FRAMEWORK_HEADER = YES;
				CLANG_WARN_RANGE_LOOP_ANALYSIS = YES;
				CLANG_WARN_STRICT_PROTOTYPES = YES;
				CLANG_WARN_SUSPICIOUS_MOVE = YES;
				CLANG_WARN_UNGUARDED_AVAILABILITY = YES_AGGRESSIVE;
				CLANG_WARN_UNREACHABLE_CODE = YES;
				CLANG_WARN__DUPLICATE_METHOD_MATCH = YES;
				COPY_PHASE_STRIP = NO;
				DEBUG_INFORMATION_FORMAT = dwarf;
				ENABLE_STRICT_OBJC_MSGSEND = YES;
				ENABLE_TESTABILITY = YES;
				GCC_C_LANGUAGE_STANDARD = gnu11;
				GCC_DYNAMIC_NO_PIC = NO;
				GCC_NO_COMMON_BLOCKS = YES;
				GCC_OPTIMIZATION_LEVEL = 0;
				GCC_PREPROCESSOR_DEFINITIONS = (
					"DEBUG=1",
					"$(inherited)",
				);
				GCC_WARN_64_TO_32_BIT_CONVERSION = YES;
				GCC_WARN_ABOUT_RETURN_TYPE = YES_ERROR;
				GCC_WARN_UNDECLARED_SELECTOR = YES;
				GCC_WARN_UNINITIALIZED_AUTOS = YES_AGGRESSIVE;
				GCC_WARN_UNUSED_FUNCTION = YES;
				GCC_WARN_UNUSED_VARIABLE = YES;
				IPHONEOS_DEPLOYMENT_TARGET = 14.0;
				MTL_ENABLE_DEBUG_INFO = INCLUDE_SOURCE;
				MTL_FAST_MATH = YES;
				ONLY_ACTIVE_ARCH = YES;
				SDKROOT = iphoneos;
				SWIFT_ACTIVE_COMPILATION_CONDITIONS = DEBUG;
				SWIFT_OPTIMIZATION_LEVEL = "-Onone";
			};
			name = Debug;
		};
		79DF3939272275FC002ACABF /* Release */ = {
			isa = XCBuildConfiguration;
			buildSettings = {
				ALWAYS_SEARCH_USER_PATHS = NO;
				CLANG_ANALYZER_NONNULL = YES;
				CLANG_ANALYZER_NUMBER_OBJECT_CONVERSION = YES_AGGRESSIVE;
				CLANG_CXX_LANGUAGE_STANDARD = "gnu++14";
				CLANG_CXX_LIBRARY = "libc++";
				CLANG_ENABLE_MODULES = YES;
				CLANG_ENABLE_OBJC_ARC = YES;
				CLANG_ENABLE_OBJC_WEAK = YES;
				CLANG_WARN_BLOCK_CAPTURE_AUTORELEASING = YES;
				CLANG_WARN_BOOL_CONVERSION = YES;
				CLANG_WARN_COMMA = YES;
				CLANG_WARN_CONSTANT_CONVERSION = YES;
				CLANG_WARN_DEPRECATED_OBJC_IMPLEMENTATIONS = YES;
				CLANG_WARN_DIRECT_OBJC_ISA_USAGE = YES_ERROR;
				CLANG_WARN_DOCUMENTATION_COMMENTS = YES;
				CLANG_WARN_EMPTY_BODY = YES;
				CLANG_WARN_ENUM_CONVERSION = YES;
				CLANG_WARN_INFINITE_RECURSION = YES;
				CLANG_WARN_INT_CONVERSION = YES;
				CLANG_WARN_NON_LITERAL_NULL_CONVERSION = YES;
				CLANG_WARN_OBJC_IMPLICIT_RETAIN_SELF = YES;
				CLANG_WARN_OBJC_LITERAL_CONVERSION = YES;
				CLANG_WARN_OBJC_ROOT_CLASS = YES_ERROR;
				CLANG_WARN_QUOTED_INCLUDE_IN_FRAMEWORK_HEADER = YES;
				CLANG_WARN_RANGE_LOOP_ANALYSIS = YES;
				CLANG_WARN_STRICT_PROTOTYPES = YES;
				CLANG_WARN_SUSPICIOUS_MOVE = YES;
				CLANG_WARN_UNGUARDED_AVAILABILITY = YES_AGGRESSIVE;
				CLANG_WARN_UNREACHABLE_CODE = YES;
				CLANG_WARN__DUPLICATE_METHOD_MATCH = YES;
				COPY_PHASE_STRIP = NO;
				DEBUG_INFORMATION_FORMAT = "dwarf-with-dsym";
				ENABLE_NS_ASSERTIONS = NO;
				ENABLE_STRICT_OBJC_MSGSEND = YES;
				GCC_C_LANGUAGE_STANDARD = gnu11;
				GCC_NO_COMMON_BLOCKS = YES;
				GCC_WARN_64_TO_32_BIT_CONVERSION = YES;
				GCC_WARN_ABOUT_RETURN_TYPE = YES_ERROR;
				GCC_WARN_UNDECLARED_SELECTOR = YES;
				GCC_WARN_UNINITIALIZED_AUTOS = YES_AGGRESSIVE;
				GCC_WARN_UNUSED_FUNCTION = YES;
				GCC_WARN_UNUSED_VARIABLE = YES;
				IPHONEOS_DEPLOYMENT_TARGET = 14.0;
				MTL_ENABLE_DEBUG_INFO = NO;
				MTL_FAST_MATH = YES;
				SDKROOT = iphoneos;
				SWIFT_COMPILATION_MODE = wholemodule;
				SWIFT_OPTIMIZATION_LEVEL = "-O";
				VALIDATE_PRODUCT = YES;
			};
			name = Release;
		};
		79DF393B272275FC002ACABF /* Debug */ = {
			isa = XCBuildConfiguration;
			buildSettings = {
				ASSETCATALOG_COMPILER_APPICON_NAME = AppIcon;
				ASSETCATALOG_COMPILER_GLOBAL_ACCENT_COLOR_NAME = AccentColor;
				CODE_SIGN_STYLE = Automatic;
				DEVELOPMENT_TEAM = QDG5MWG9MF;
				INFOPLIST_FILE = CustomActivityIndicator/Info.plist;
				IPHONEOS_DEPLOYMENT_TARGET = 11.0;
				LD_RUNPATH_SEARCH_PATHS = (
					"$(inherited)",
					"@executable_path/Frameworks",
				);
				PRODUCT_BUNDLE_IDENTIFIER = com.welikala.CustomActivityIndicator;
				PRODUCT_NAME = "$(TARGET_NAME)";
				SWIFT_VERSION = 5.0;
				TARGETED_DEVICE_FAMILY = "1,2";
			};
			name = Debug;
		};
		79DF393C272275FC002ACABF /* Release */ = {
			isa = XCBuildConfiguration;
			buildSettings = {
				ASSETCATALOG_COMPILER_APPICON_NAME = AppIcon;
				ASSETCATALOG_COMPILER_GLOBAL_ACCENT_COLOR_NAME = AccentColor;
				CODE_SIGN_STYLE = Automatic;
				DEVELOPMENT_TEAM = QDG5MWG9MF;
				INFOPLIST_FILE = CustomActivityIndicator/Info.plist;
				IPHONEOS_DEPLOYMENT_TARGET = 11.0;
				LD_RUNPATH_SEARCH_PATHS = (
					"$(inherited)",
					"@executable_path/Frameworks",
				);
				PRODUCT_BUNDLE_IDENTIFIER = com.welikala.CustomActivityIndicator;
				PRODUCT_NAME = "$(TARGET_NAME)";
				SWIFT_VERSION = 5.0;
				TARGETED_DEVICE_FAMILY = "1,2";
			};
			name = Release;
		};
/* End XCBuildConfiguration section */

/* Begin XCConfigurationList section */
		79DF3921272275F4002ACABF /* Build configuration list for PBXProject "CustomActivityIndicator" */ = {
			isa = XCConfigurationList;
			buildConfigurations = (
				79DF3938272275FC002ACABF /* Debug */,
				79DF3939272275FC002ACABF /* Release */,
			);
			defaultConfigurationIsVisible = 0;
			defaultConfigurationName = Release;
		};
		79DF393A272275FC002ACABF /* Build configuration list for PBXNativeTarget "CustomActivityIndicator" */ = {
			isa = XCConfigurationList;
			buildConfigurations = (
				79DF393B272275FC002ACABF /* Debug */,
				79DF393C272275FC002ACABF /* Release */,
			);
			defaultConfigurationIsVisible = 0;
			defaultConfigurationName = Release;
		};
/* End XCConfigurationList section */
	};
	rootObject = 79DF391E272275F4002ACABF /* Project object */;
}
